{
  "version": 2,
  "packages": {
    "cligen": {
      "version": "1.8.6",
      "vcsRevision": "b45a7d00e42ec7b353b9d7f3c8f669fb3c2b6d66",
      "url": "https://github.com/c-blake/cligen.git",
      "downloadMethod": "git",
      "dependencies": [],
      "checksums": {
        "sha1": "b2e30e3ade57c60c939bfd673cd4d124e600c7ed"
      }
    }
  },
  "tasks": {}
}
